{
    "requires": true,
    "lockfileVersion": 1,
    "dependencies": {
        "laravel-mix-scrollmagic-gsap": {
            "version": "0.1.1",
            "resolved": "https://registry.npmjs.org/laravel-mix-scrollmagic-gsap/-/laravel-mix-scrollmagic-gsap-0.1.1.tgz",
            "integrity": "sha512-dTJO1P6ksCiBA4R2ZzAJT63IwHLmWG/CDc2R5OobNGOlZNUuiWi8k9ysikea0jj4kjI4swxOeaI54loQ68ehDw=="
        }
    }
}
